
Microsoft Visual Studio Solution File, Format Version 12.00
# Visual Studio Version 17
VisualStudioVersion = 17.4.33122.133
MinimumVisualStudioVersion = 10.0.40219.1
Project("{FAE04EC0-301F-11D3-BF4B-00C04F79EFBC}") = "ProjetoLocadoraDeVeiculos", "ProjetoLocadoraDeVeiculos\ProjetoLocadoraDeVeiculos.csproj", "{D8164E37-9CDA-4821-9C79-4B398243C533}"
EndProject
Global
	GlobalSection(SolutionConfigurationPlatforms) = preSolution
		Debug|Any CPU = Debug|Any CPU
		Release|Any CPU = Release|Any CPU
	EndGlobalSection
	GlobalSection(ProjectConfigurationPlatforms) = postSolution
		{D8164E37-9CDA-4821-9C79-4B398243C533}.Debug|Any CPU.ActiveCfg = Debug|Any CPU
		{D8164E37-9CDA-4821-9C79-4B398243C533}.Debug|Any CPU.Build.0 = Debug|Any CPU
		{D8164E37-9CDA-4821-9C79-4B398243C533}.Release|Any CPU.ActiveCfg = Release|Any CPU
		{D8164E37-9CDA-4821-9C79-4B398243C533}.Release|Any CPU.Build.0 = Release|Any CPU
	EndGlobalSection
	GlobalSection(SolutionProperties) = preSolution
		HideSolutionNode = FALSE
	EndGlobalSection
	GlobalSection(ExtensibilityGlobals) = postSolution
		SolutionGuid = {B0ED8740-4504-4B2E-8374-4829CDDCBFFE}
	EndGlobalSection
EndGlobal
